{
	"name": "testapp",
	"version": "1.0.0",
	"lockfileVersion": 1,
	"requires": true,
	"dependencies": {
		"gittest-pkg": {
			"version": "git+ssh://git@github.com/andrueandersoncs/gittest-pkg.git#470d94ce7635c68e80487df3e0d8f6f333465816",
			"from": "git+ssh://git@github.com/andrueandersoncs/gittest-pkg.git"
		},
		"lodash": {
			"version": "4.17.15",
			"resolved": "https://registry.npmjs.org/lodash/-/lodash-4.17.15.tgz",
			"integrity": "sha512-8xOcRHvCjnocdS5cpwXQXVzmmh5e5+saE2QGoeQmbKmRS6J3VQppPOIt0MnmE+4xlZoumy0GPG0D0MVIQbNA1A=="
		}
	}
}
